// !$*UTF8*$!
{
	archiveVersion = 1;
	classes = {
	};
	objectVersion = 56;
	objects = {

/* Begin PBXBuildFile section */
		1F01062B294B4C840018134A /* UserImageView.swift in Sources */ = {isa = PBXBuildFile; fileRef = 1F01062A294B4C840018134A /* UserImageView.swift */; };
		1F1B1387294DFA3500C1C3BB /* ProfileViewModel.swift in Sources */ = {isa = PBXBuildFile; fileRef = 1F1B1386294DFA3500C1C3BB /* ProfileViewModel.swift */; };
		1F1B1389294E0CD000C1C3BB /* ImagePicker.swift in Sources */ = {isa = PBXBuildFile; fileRef = 1F1B1388294E0CD000C1C3BB /* ImagePicker.swift */; };
		1F1B138B294F3FA800C1C3BB /* StrorageService.swift in Sources */ = {isa = PBXBuildFile; fileRef = 1F1B138A294F3FA800C1C3BB /* StrorageService.swift */; };
		1F2375FA29C39FE0008CD4F8 /* AlcoTest.swift in Sources */ = {isa = PBXBuildFile; fileRef = 1F2375F929C39FE0008CD4F8 /* AlcoTest.swift */; };
		1F3A72DD29BBA04800112CF6 /* Shimmer in Frameworks */ = {isa = PBXBuildFile; productRef = 1F3A72DC29BBA04800112CF6 /* Shimmer */; };
		1F5F877F29461E2F00335B57 /* SecureFieldWithImageView.swift in Sources */ = {isa = PBXBuildFile; fileRef = 1F5F877E29461E2F00335B57 /* SecureFieldWithImageView.swift */; };
		1F5F878129461EB500335B57 /* TextFieldWithImageView.swift in Sources */ = {isa = PBXBuildFile; fileRef = 1F5F878029461EB500335B57 /* TextFieldWithImageView.swift */; };
		1F5F878629461FE700335B57 /* AuthService.swift in Sources */ = {isa = PBXBuildFile; fileRef = 1F5F878529461FE700335B57 /* AuthService.swift */; };
		1F87D80429CC57A40051D283 /* SearchView.swift in Sources */ = {isa = PBXBuildFile; fileRef = 1F87D80329CC57A40051D283 /* SearchView.swift */; };
		1F8A615829C59FAE00235CAF /* AlcoTestManager.swift in Sources */ = {isa = PBXBuildFile; fileRef = 1F8A615729C59FAE00235CAF /* AlcoTestManager.swift */; };
		1FD50C5529BDE71F00C4395A /* CustomSegmentPickerView.swift in Sources */ = {isa = PBXBuildFile; fileRef = 1FD50C5429BDE71F00C4395A /* CustomSegmentPickerView.swift */; };
		1FD50C5929BE1B1600C4395A /* NumberTextFieldView.swift in Sources */ = {isa = PBXBuildFile; fileRef = 1FD50C5829BE1B1600C4395A /* NumberTextFieldView.swift */; };
		1FD50C5B29BE1D8D00C4395A /* SliderAlcoholTestView.swift in Sources */ = {isa = PBXBuildFile; fileRef = 1FD50C5A29BE1D8D00C4395A /* SliderAlcoholTestView.swift */; };
		1FD7208B29B1DE3500019E31 /* DataStorage.swift in Sources */ = {isa = PBXBuildFile; fileRef = 1FD7208A29B1DE3500019E31 /* DataStorage.swift */; };
		1FE5C4B8294BC82A004E7634 /* SettingUserView.swift in Sources */ = {isa = PBXBuildFile; fileRef = 1FE5C4B7294BC82A004E7634 /* SettingUserView.swift */; };
		1FE8674929C072F1004500DC /* ResultAlcoTestView.swift in Sources */ = {isa = PBXBuildFile; fileRef = 1FE8674829C072F1004500DC /* ResultAlcoTestView.swift */; };
		1FEE9F5929CC385700858B1B /* AddCocktailView.swift in Sources */ = {isa = PBXBuildFile; fileRef = 1FEE9F5829CC385700858B1B /* AddCocktailView.swift */; };
		1FEE9F5B29CC388200858B1B /* CustomIngredientsView.swift in Sources */ = {isa = PBXBuildFile; fileRef = 1FEE9F5A29CC388200858B1B /* CustomIngredientsView.swift */; };
		1FFEC79F29BF8585003B04EA /* AlcoTestViewModel.swift in Sources */ = {isa = PBXBuildFile; fileRef = 1FFEC79E29BF8585003B04EA /* AlcoTestViewModel.swift */; };
		1FFEC7A129BF9FCF003B04EA /* DrinksView.swift in Sources */ = {isa = PBXBuildFile; fileRef = 1FFEC7A029BF9FCF003B04EA /* DrinksView.swift */; };
		1FFEC7A329BFA024003B04EA /* DrinkDB.swift in Sources */ = {isa = PBXBuildFile; fileRef = 1FFEC7A229BFA024003B04EA /* DrinkDB.swift */; };
		1FFEC7A529BFA05C003B04EA /* DrinkViewModel.swift in Sources */ = {isa = PBXBuildFile; fileRef = 1FFEC7A429BFA05C003B04EA /* DrinkViewModel.swift */; };
		B813396B29CD961F0014F796 /* Extentsion + View.swift in Sources */ = {isa = PBXBuildFile; fileRef = B813396A29CD961F0014F796 /* Extentsion + View.swift */; };
		B813396D29CF76E70014F796 /* CocktailsWithSelectedIngredientsView.swift in Sources */ = {isa = PBXBuildFile; fileRef = B813396C29CF76E70014F796 /* CocktailsWithSelectedIngredientsView.swift */; };
		B813396F29D4A0570014F796 /* FavoritesCocktailsView.swift in Sources */ = {isa = PBXBuildFile; fileRef = B813396E29D4A0570014F796 /* FavoritesCocktailsView.swift */; };
		B8255D4D29CB131C00F38FB0 /* IngredientDB.swift in Sources */ = {isa = PBXBuildFile; fileRef = B8255D4C29CB131C00F38FB0 /* IngredientDB.swift */; };
		B8255D5529CB746E00F38FB0 /* IngredientsViewModel.swift in Sources */ = {isa = PBXBuildFile; fileRef = B8255D5429CB746E00F38FB0 /* IngredientsViewModel.swift */; };
		B8255D5729CB749B00F38FB0 /* AllIngredientsView.swift in Sources */ = {isa = PBXBuildFile; fileRef = B8255D5629CB749B00F38FB0 /* AllIngredientsView.swift */; };
		B83D994129472734006AF62D /* MainTabBarViewModel.swift in Sources */ = {isa = PBXBuildFile; fileRef = B83D994029472734006AF62D /* MainTabBarViewModel.swift */; };
		B83D994429473B01006AF62D /* UserDB.swift in Sources */ = {isa = PBXBuildFile; fileRef = B83D994329473B01006AF62D /* UserDB.swift */; };
		B83D994629473CB6006AF62D /* DataBaseService.swift in Sources */ = {isa = PBXBuildFile; fileRef = B83D994529473CB6006AF62D /* DataBaseService.swift */; };
		B83D9948294749C6006AF62D /* CocktailDB.swift in Sources */ = {isa = PBXBuildFile; fileRef = B83D9947294749C6006AF62D /* CocktailDB.swift */; };
		B83D99732948F3A5006AF62D /* IngredientCellView.swift in Sources */ = {isa = PBXBuildFile; fileRef = B83D99722948F3A5006AF62D /* IngredientCellView.swift */; };
		B83D99752948F60F006AF62D /* DrinksFromAPI.swift in Sources */ = {isa = PBXBuildFile; fileRef = B83D99742948F60F006AF62D /* DrinksFromAPI.swift */; };
		B83D99782948F6DE006AF62D /* Alamofire in Frameworks */ = {isa = PBXBuildFile; productRef = B83D99772948F6DE006AF62D /* Alamofire */; };
		B83D997A2948F716006AF62D /* NetworkManager.swift in Sources */ = {isa = PBXBuildFile; fileRef = B83D99792948F716006AF62D /* NetworkManager.swift */; };
		B83D997E294A05E7006AF62D /* CocktailViewModel.swift in Sources */ = {isa = PBXBuildFile; fileRef = B83D997D294A05E7006AF62D /* CocktailViewModel.swift */; };
		B83D9980294A0E6F006AF62D /* CocktailCellView.swift in Sources */ = {isa = PBXBuildFile; fileRef = B83D997F294A0E6F006AF62D /* CocktailCellView.swift */; };
		B83D9983294A194C006AF62D /* AllCocktailsView.swift in Sources */ = {isa = PBXBuildFile; fileRef = B83D9982294A194C006AF62D /* AllCocktailsView.swift */; };
		B83D9985294A81B5006AF62D /* CocktailDetailView.swift in Sources */ = {isa = PBXBuildFile; fileRef = B83D9984294A81B5006AF62D /* CocktailDetailView.swift */; };
		B8588DEF29462ADA0082132D /* MainTabView.swift in Sources */ = {isa = PBXBuildFile; fileRef = B8588DEE29462ADA0082132D /* MainTabView.swift */; };
		B8628E7F29C71E8900A8C21C /* StarsRatingView.swift in Sources */ = {isa = PBXBuildFile; fileRef = B8628E7E29C71E8900A8C21C /* StarsRatingView.swift */; };
		B8A2E5D0293E3B7200B7E4A4 /* GoogleService-Info.plist in Resources */ = {isa = PBXBuildFile; fileRef = B8A2E5CF293E3B7100B7E4A4 /* GoogleService-Info.plist */; };
		B8A2E5D3293E408600B7E4A4 /* FirebaseAuth in Frameworks */ = {isa = PBXBuildFile; productRef = B8A2E5D2293E408600B7E4A4 /* FirebaseAuth */; };
		B8A2E5D5293E408600B7E4A4 /* FirebaseDatabase in Frameworks */ = {isa = PBXBuildFile; productRef = B8A2E5D4293E408600B7E4A4 /* FirebaseDatabase */; };
		B8B37AFB2942254600611844 /* LogoView.swift in Sources */ = {isa = PBXBuildFile; fileRef = B8B37AFA2942254600611844 /* LogoView.swift */; };
		B8B37B022942287100611844 /* WallpaperView.swift in Sources */ = {isa = PBXBuildFile; fileRef = B8B37B012942287100611844 /* WallpaperView.swift */; };
		B8B37B0429422A7E00611844 /* SignInView.swift in Sources */ = {isa = PBXBuildFile; fileRef = B8B37B0329422A7E00611844 /* SignInView.swift */; };
		B8B37B0829423DBB00611844 /* OrangeButtonView.swift in Sources */ = {isa = PBXBuildFile; fileRef = B8B37B0729423DBB00611844 /* OrangeButtonView.swift */; };
		B8B37B0A294263FA00611844 /* BlueButtonView.swift in Sources */ = {isa = PBXBuildFile; fileRef = B8B37B09294263FA00611844 /* BlueButtonView.swift */; };
		B8B37B14294294C800611844 /* DefaultTextFieldView.swift in Sources */ = {isa = PBXBuildFile; fileRef = B8B37B13294294C800611844 /* DefaultTextFieldView.swift */; };
		B8B37B162942955D00611844 /* Extansion + TextField.swift in Sources */ = {isa = PBXBuildFile; fileRef = B8B37B152942955D00611844 /* Extansion + TextField.swift */; };
		B8EEF021293D085E00D15F28 /* HomeBarSwiftUIApp.swift in Sources */ = {isa = PBXBuildFile; fileRef = B8EEF020293D085E00D15F28 /* HomeBarSwiftUIApp.swift */; };
		B8EEF025293D085F00D15F28 /* Assets.xcassets in Resources */ = {isa = PBXBuildFile; fileRef = B8EEF024293D085F00D15F28 /* Assets.xcassets */; };
		B8EEF028293D085F00D15F28 /* Preview Assets.xcassets in Resources */ = {isa = PBXBuildFile; fileRef = B8EEF027293D085F00D15F28 /* Preview Assets.xcassets */; };
		B8F5469D29462FAF00ADB0A1 /* ProfileView.swift in Sources */ = {isa = PBXBuildFile; fileRef = B8F5469C29462FAF00ADB0A1 /* ProfileView.swift */; };
		B8F5469F29462FC200ADB0A1 /* AlcoholTestView.swift in Sources */ = {isa = PBXBuildFile; fileRef = B8F5469E29462FC200ADB0A1 /* AlcoholTestView.swift */; };
		B8F546A12946305500ADB0A1 /* HelperView.swift in Sources */ = {isa = PBXBuildFile; fileRef = B8F546A02946305500ADB0A1 /* HelperView.swift */; };
		B8F546A529463B5E00ADB0A1 /* FirebaseFirestore in Frameworks */ = {isa = PBXBuildFile; productRef = B8F546A429463B5E00ADB0A1 /* FirebaseFirestore */; };
		B8F546A729463B7200ADB0A1 /* FirebaseStorage in Frameworks */ = {isa = PBXBuildFile; productRef = B8F546A629463B7200ADB0A1 /* FirebaseStorage */; };
/* End PBXBuildFile section */

/* Begin PBXContainerItemProxy section */
		B8EEF033293D085F00D15F28 /* PBXContainerItemProxy */ = {
			isa = PBXContainerItemProxy;
			containerPortal = B8EEF015293D085E00D15F28 /* Project object */;
			proxyType = 1;
			remoteGlobalIDString = B8EEF01C293D085E00D15F28;
			remoteInfo = HomeBarSwiftUI;
		};
		B8EEF03D293D085F00D15F28 /* PBXContainerItemProxy */ = {
			isa = PBXContainerItemProxy;
			containerPortal = B8EEF015293D085E00D15F28 /* Project object */;
			proxyType = 1;
			remoteGlobalIDString = B8EEF01C293D085E00D15F28;
			remoteInfo = HomeBarSwiftUI;
		};
/* End PBXContainerItemProxy section */

/* Begin PBXFileReference section */
		1F01062A294B4C840018134A /* UserImageView.swift */ = {isa = PBXFileReference; lastKnownFileType = sourcecode.swift; path = UserImageView.swift; sourceTree = "<group>"; };
		1F1B1386294DFA3500C1C3BB /* ProfileViewModel.swift */ = {isa = PBXFileReference; lastKnownFileType = sourcecode.swift; path = ProfileViewModel.swift; sourceTree = "<group>"; };
		1F1B1388294E0CD000C1C3BB /* ImagePicker.swift */ = {isa = PBXFileReference; lastKnownFileType = sourcecode.swift; path = ImagePicker.swift; sourceTree = "<group>"; };
		1F1B138A294F3FA800C1C3BB /* StrorageService.swift */ = {isa = PBXFileReference; lastKnownFileType = sourcecode.swift; path = StrorageService.swift; sourceTree = "<group>"; };
		1F2375F929C39FE0008CD4F8 /* AlcoTest.swift */ = {isa = PBXFileReference; lastKnownFileType = sourcecode.swift; path = AlcoTest.swift; sourceTree = "<group>"; };
		1F5F877E29461E2F00335B57 /* SecureFieldWithImageView.swift */ = {isa = PBXFileReference; lastKnownFileType = sourcecode.swift; path = SecureFieldWithImageView.swift; sourceTree = "<group>"; };
		1F5F878029461EB500335B57 /* TextFieldWithImageView.swift */ = {isa = PBXFileReference; lastKnownFileType = sourcecode.swift; path = TextFieldWithImageView.swift; sourceTree = "<group>"; };
		1F5F878529461FE700335B57 /* AuthService.swift */ = {isa = PBXFileReference; lastKnownFileType = sourcecode.swift; path = AuthService.swift; sourceTree = "<group>"; };
		1F87D80329CC57A40051D283 /* SearchView.swift */ = {isa = PBXFileReference; lastKnownFileType = sourcecode.swift; path = SearchView.swift; sourceTree = "<group>"; };
		1F8A615729C59FAE00235CAF /* AlcoTestManager.swift */ = {isa = PBXFileReference; lastKnownFileType = sourcecode.swift; path = AlcoTestManager.swift; sourceTree = "<group>"; };
		1FD50C5429BDE71F00C4395A /* CustomSegmentPickerView.swift */ = {isa = PBXFileReference; lastKnownFileType = sourcecode.swift; path = CustomSegmentPickerView.swift; sourceTree = "<group>"; };
		1FD50C5829BE1B1600C4395A /* NumberTextFieldView.swift */ = {isa = PBXFileReference; lastKnownFileType = sourcecode.swift; path = NumberTextFieldView.swift; sourceTree = "<group>"; };
		1FD50C5A29BE1D8D00C4395A /* SliderAlcoholTestView.swift */ = {isa = PBXFileReference; lastKnownFileType = sourcecode.swift; path = SliderAlcoholTestView.swift; sourceTree = "<group>"; };
		1FD7208A29B1DE3500019E31 /* DataStorage.swift */ = {isa = PBXFileReference; lastKnownFileType = sourcecode.swift; path = DataStorage.swift; sourceTree = "<group>"; };
		1FE5C4B7294BC82A004E7634 /* SettingUserView.swift */ = {isa = PBXFileReference; lastKnownFileType = sourcecode.swift; path = SettingUserView.swift; sourceTree = "<group>"; };
		1FE8674829C072F1004500DC /* ResultAlcoTestView.swift */ = {isa = PBXFileReference; lastKnownFileType = sourcecode.swift; path = ResultAlcoTestView.swift; sourceTree = "<group>"; };
		1FEE9F5829CC385700858B1B /* AddCocktailView.swift */ = {isa = PBXFileReference; lastKnownFileType = sourcecode.swift; path = AddCocktailView.swift; sourceTree = "<group>"; };
		1FEE9F5A29CC388200858B1B /* CustomIngredientsView.swift */ = {isa = PBXFileReference; lastKnownFileType = sourcecode.swift; path = CustomIngredientsView.swift; sourceTree = "<group>"; };
		1FFEC79E29BF8585003B04EA /* AlcoTestViewModel.swift */ = {isa = PBXFileReference; lastKnownFileType = sourcecode.swift; path = AlcoTestViewModel.swift; sourceTree = "<group>"; };
		1FFEC7A029BF9FCF003B04EA /* DrinksView.swift */ = {isa = PBXFileReference; lastKnownFileType = sourcecode.swift; path = DrinksView.swift; sourceTree = "<group>"; };
		1FFEC7A229BFA024003B04EA /* DrinkDB.swift */ = {isa = PBXFileReference; lastKnownFileType = sourcecode.swift; path = DrinkDB.swift; sourceTree = "<group>"; };
		1FFEC7A429BFA05C003B04EA /* DrinkViewModel.swift */ = {isa = PBXFileReference; lastKnownFileType = sourcecode.swift; path = DrinkViewModel.swift; sourceTree = "<group>"; };
		B813396A29CD961F0014F796 /* Extentsion + View.swift */ = {isa = PBXFileReference; lastKnownFileType = sourcecode.swift; path = "Extentsion + View.swift"; sourceTree = "<group>"; };
		B813396C29CF76E70014F796 /* CocktailsWithSelectedIngredientsView.swift */ = {isa = PBXFileReference; lastKnownFileType = sourcecode.swift; path = CocktailsWithSelectedIngredientsView.swift; sourceTree = "<group>"; };
		B813396E29D4A0570014F796 /* FavoritesCocktailsView.swift */ = {isa = PBXFileReference; lastKnownFileType = sourcecode.swift; path = FavoritesCocktailsView.swift; sourceTree = "<group>"; };
		B8255D4C29CB131C00F38FB0 /* IngredientDB.swift */ = {isa = PBXFileReference; lastKnownFileType = sourcecode.swift; path = IngredientDB.swift; sourceTree = "<group>"; };
		B8255D5429CB746E00F38FB0 /* IngredientsViewModel.swift */ = {isa = PBXFileReference; lastKnownFileType = sourcecode.swift; path = IngredientsViewModel.swift; sourceTree = "<group>"; };
		B8255D5629CB749B00F38FB0 /* AllIngredientsView.swift */ = {isa = PBXFileReference; lastKnownFileType = sourcecode.swift; path = AllIngredientsView.swift; sourceTree = "<group>"; };
		B83D994029472734006AF62D /* MainTabBarViewModel.swift */ = {isa = PBXFileReference; lastKnownFileType = sourcecode.swift; path = MainTabBarViewModel.swift; sourceTree = "<group>"; };
		B83D994329473B01006AF62D /* UserDB.swift */ = {isa = PBXFileReference; lastKnownFileType = sourcecode.swift; path = UserDB.swift; sourceTree = "<group>"; };
		B83D994529473CB6006AF62D /* DataBaseService.swift */ = {isa = PBXFileReference; lastKnownFileType = sourcecode.swift; path = DataBaseService.swift; sourceTree = "<group>"; };
		B83D9947294749C6006AF62D /* CocktailDB.swift */ = {isa = PBXFileReference; lastKnownFileType = sourcecode.swift; path = CocktailDB.swift; sourceTree = "<group>"; };
		B83D99722948F3A5006AF62D /* IngredientCellView.swift */ = {isa = PBXFileReference; lastKnownFileType = sourcecode.swift; path = IngredientCellView.swift; sourceTree = "<group>"; };
		B83D99742948F60F006AF62D /* DrinksFromAPI.swift */ = {isa = PBXFileReference; lastKnownFileType = sourcecode.swift; path = DrinksFromAPI.swift; sourceTree = "<group>"; };
		B83D99792948F716006AF62D /* NetworkManager.swift */ = {isa = PBXFileReference; lastKnownFileType = sourcecode.swift; path = NetworkManager.swift; sourceTree = "<group>"; };
		B83D997D294A05E7006AF62D /* CocktailViewModel.swift */ = {isa = PBXFileReference; lastKnownFileType = sourcecode.swift; path = CocktailViewModel.swift; sourceTree = "<group>"; };
		B83D997F294A0E6F006AF62D /* CocktailCellView.swift */ = {isa = PBXFileReference; lastKnownFileType = sourcecode.swift; path = CocktailCellView.swift; sourceTree = "<group>"; };
		B83D9982294A194C006AF62D /* AllCocktailsView.swift */ = {isa = PBXFileReference; lastKnownFileType = sourcecode.swift; path = AllCocktailsView.swift; sourceTree = "<group>"; };
		B83D9984294A81B5006AF62D /* CocktailDetailView.swift */ = {isa = PBXFileReference; lastKnownFileType = sourcecode.swift; path = CocktailDetailView.swift; sourceTree = "<group>"; };
		B8588DEE29462ADA0082132D /* MainTabView.swift */ = {isa = PBXFileReference; lastKnownFileType = sourcecode.swift; path = MainTabView.swift; sourceTree = "<group>"; };
		B8628E7E29C71E8900A8C21C /* StarsRatingView.swift */ = {isa = PBXFileReference; lastKnownFileType = sourcecode.swift; path = StarsRatingView.swift; sourceTree = "<group>"; };
		B8A2E5CF293E3B7100B7E4A4 /* GoogleService-Info.plist */ = {isa = PBXFileReference; fileEncoding = 4; lastKnownFileType = text.plist.xml; path = "GoogleService-Info.plist"; sourceTree = "<group>"; };
		B8B37AFA2942254600611844 /* LogoView.swift */ = {isa = PBXFileReference; lastKnownFileType = sourcecode.swift; path = LogoView.swift; sourceTree = "<group>"; };
		B8B37B012942287100611844 /* WallpaperView.swift */ = {isa = PBXFileReference; lastKnownFileType = sourcecode.swift; path = WallpaperView.swift; sourceTree = "<group>"; };
		B8B37B0329422A7E00611844 /* SignInView.swift */ = {isa = PBXFileReference; lastKnownFileType = sourcecode.swift; path = SignInView.swift; sourceTree = "<group>"; };
		B8B37B0729423DBB00611844 /* OrangeButtonView.swift */ = {isa = PBXFileReference; lastKnownFileType = sourcecode.swift; path = OrangeButtonView.swift; sourceTree = "<group>"; };
		B8B37B09294263FA00611844 /* BlueButtonView.swift */ = {isa = PBXFileReference; lastKnownFileType = sourcecode.swift; path = BlueButtonView.swift; sourceTree = "<group>"; };
		B8B37B13294294C800611844 /* DefaultTextFieldView.swift */ = {isa = PBXFileReference; lastKnownFileType = sourcecode.swift; path = DefaultTextFieldView.swift; sourceTree = "<group>"; };
		B8B37B152942955D00611844 /* Extansion + TextField.swift */ = {isa = PBXFileReference; lastKnownFileType = sourcecode.swift; path = "Extansion + TextField.swift"; sourceTree = "<group>"; };
		B8EEF01D293D085E00D15F28 /* HomeBarSwiftUI.app */ = {isa = PBXFileReference; explicitFileType = wrapper.application; includeInIndex = 0; path = HomeBarSwiftUI.app; sourceTree = BUILT_PRODUCTS_DIR; };
		B8EEF020293D085E00D15F28 /* HomeBarSwiftUIApp.swift */ = {isa = PBXFileReference; lastKnownFileType = sourcecode.swift; path = HomeBarSwiftUIApp.swift; sourceTree = "<group>"; };
		B8EEF024293D085F00D15F28 /* Assets.xcassets */ = {isa = PBXFileReference; lastKnownFileType = folder.assetcatalog; path = Assets.xcassets; sourceTree = "<group>"; };
		B8EEF027293D085F00D15F28 /* Preview Assets.xcassets */ = {isa = PBXFileReference; lastKnownFileType = folder.assetcatalog; path = "Preview Assets.xcassets"; sourceTree = "<group>"; };
		B8EEF032293D085F00D15F28 /* HomeBarSwiftUITests.xctest */ = {isa = PBXFileReference; explicitFileType = wrapper.cfbundle; includeInIndex = 0; path = HomeBarSwiftUITests.xctest; sourceTree = BUILT_PRODUCTS_DIR; };
		B8EEF03C293D085F00D15F28 /* HomeBarSwiftUIUITests.xctest */ = {isa = PBXFileReference; explicitFileType = wrapper.cfbundle; includeInIndex = 0; path = HomeBarSwiftUIUITests.xctest; sourceTree = BUILT_PRODUCTS_DIR; };
		B8F5469C29462FAF00ADB0A1 /* ProfileView.swift */ = {isa = PBXFileReference; lastKnownFileType = sourcecode.swift; path = ProfileView.swift; sourceTree = "<group>"; };
		B8F5469E29462FC200ADB0A1 /* AlcoholTestView.swift */ = {isa = PBXFileReference; lastKnownFileType = sourcecode.swift; path = AlcoholTestView.swift; sourceTree = "<group>"; };
		B8F546A02946305500ADB0A1 /* HelperView.swift */ = {isa = PBXFileReference; lastKnownFileType = sourcecode.swift; path = HelperView.swift; sourceTree = "<group>"; };
/* End PBXFileReference section */

/* Begin PBXFrameworksBuildPhase section */
		B8EEF01A293D085E00D15F28 /* Frameworks */ = {
			isa = PBXFrameworksBuildPhase;
			buildActionMask = 2147483647;
			files = (
				1F3A72DD29BBA04800112CF6 /* Shimmer in Frameworks */,
				B83D99782948F6DE006AF62D /* Alamofire in Frameworks */,
				B8A2E5D5293E408600B7E4A4 /* FirebaseDatabase in Frameworks */,
				B8F546A729463B7200ADB0A1 /* FirebaseStorage in Frameworks */,
				B8A2E5D3293E408600B7E4A4 /* FirebaseAuth in Frameworks */,
				B8F546A529463B5E00ADB0A1 /* FirebaseFirestore in Frameworks */,
			);
			runOnlyForDeploymentPostprocessing = 0;
		};
		B8EEF02F293D085F00D15F28 /* Frameworks */ = {
			isa = PBXFrameworksBuildPhase;
			buildActionMask = 2147483647;
			files = (
			);
			runOnlyForDeploymentPostprocessing = 0;
		};
		B8EEF039293D085F00D15F28 /* Frameworks */ = {
			isa = PBXFrameworksBuildPhase;
			buildActionMask = 2147483647;
			files = (
			);
			runOnlyForDeploymentPostprocessing = 0;
		};
/* End PBXFrameworksBuildPhase section */

/* Begin PBXGroup section */
		1F5F87882946205F00335B57 /* Services */ = {
			isa = PBXGroup;
			children = (
				1F5F878529461FE700335B57 /* AuthService.swift */,
				B83D994529473CB6006AF62D /* DataBaseService.swift */,
				B83D99792948F716006AF62D /* NetworkManager.swift */,
				1FD7208A29B1DE3500019E31 /* DataStorage.swift */,
				1F1B138A294F3FA800C1C3BB /* StrorageService.swift */,
				1F8A615729C59FAE00235CAF /* AlcoTestManager.swift */,
			);
			path = Services;
			sourceTree = "<group>";
		};
		B813397029D4A0770014F796 /* Profile */ = {
			isa = PBXGroup;
			children = (
				B8F5469C29462FAF00ADB0A1 /* ProfileView.swift */,
				1FE5C4B7294BC82A004E7634 /* SettingUserView.swift */,
				1FEE9F5829CC385700858B1B /* AddCocktailView.swift */,
				B813396E29D4A0570014F796 /* FavoritesCocktailsView.swift */,
			);
			path = Profile;
			sourceTree = "<group>";
		};
		B813397129D4A08B0014F796 /* AlcoTest */ = {
			isa = PBXGroup;
			children = (
				B8F5469E29462FC200ADB0A1 /* AlcoholTestView.swift */,
				1FE8674829C072F1004500DC /* ResultAlcoTestView.swift */,
				1FFEC7A029BF9FCF003B04EA /* DrinksView.swift */,
			);
			path = AlcoTest;
			sourceTree = "<group>";
		};
		B813397229D4A0A30014F796 /* Sign In */ = {
			isa = PBXGroup;
			children = (
				B8B37B0329422A7E00611844 /* SignInView.swift */,
			);
			path = "Sign In";
			sourceTree = "<group>";
		};
		B813397329D4A0B80014F796 /* Ingredients */ = {
			isa = PBXGroup;
			children = (
				B8255D5629CB749B00F38FB0 /* AllIngredientsView.swift */,
				B813396C29CF76E70014F796 /* CocktailsWithSelectedIngredientsView.swift */,
			);
			path = Ingredients;
			sourceTree = "<group>";
		};
		B813397429D4A0C50014F796 /* Tab Bar */ = {
			isa = PBXGroup;
			children = (
				B8588DEE29462ADA0082132D /* MainTabView.swift */,
			);
			path = "Tab Bar";
			sourceTree = "<group>";
		};
		B83D993F294726D8006AF62D /* ViewModels */ = {
			isa = PBXGroup;
			children = (
				1FFEC7A429BFA05C003B04EA /* DrinkViewModel.swift */,
				B83D994029472734006AF62D /* MainTabBarViewModel.swift */,
				B83D997D294A05E7006AF62D /* CocktailViewModel.swift */,
				1F1B1386294DFA3500C1C3BB /* ProfileViewModel.swift */,
				1FFEC79E29BF8585003B04EA /* AlcoTestViewModel.swift */,
				B8255D5429CB746E00F38FB0 /* IngredientsViewModel.swift */,
			);
			path = ViewModels;
			sourceTree = "<group>";
		};
		B83D994229473AF4006AF62D /* Models */ = {
			isa = PBXGroup;
			children = (
				B83D994329473B01006AF62D /* UserDB.swift */,
				B83D9947294749C6006AF62D /* CocktailDB.swift */,
				B8255D4C29CB131C00F38FB0 /* IngredientDB.swift */,
				B83D99742948F60F006AF62D /* DrinksFromAPI.swift */,
				1FFEC7A229BFA024003B04EA /* DrinkDB.swift */,
				1F2375F929C39FE0008CD4F8 /* AlcoTest.swift */,
			);
			path = Models;
			sourceTree = "<group>";
		};
		B83D9981294A0EFC006AF62D /* Cells */ = {
			isa = PBXGroup;
			children = (
				B83D997F294A0E6F006AF62D /* CocktailCellView.swift */,
				B83D99722948F3A5006AF62D /* IngredientCellView.swift */,
			);
			path = Cells;
			sourceTree = "<group>";
		};
		B8B37AF92942252B00611844 /* Components */ = {
			isa = PBXGroup;
			children = (
				B83D9981294A0EFC006AF62D /* Cells */,
				B8B37B1229428B7500611844 /* Images */,
				B8B37B1129428B5C00611844 /* Wallpapers */,
				B8B37B1029428B3E00611844 /* Buttons */,
				B8B37B0F29428B1F00611844 /* TextFields */,
				1F1B1388294E0CD000C1C3BB /* ImagePicker.swift */,
				1FD50C5A29BE1D8D00C4395A /* SliderAlcoholTestView.swift */,
				1FD50C5429BDE71F00C4395A /* CustomSegmentPickerView.swift */,
				B8628E7E29C71E8900A8C21C /* StarsRatingView.swift */,
				1FEE9F5A29CC388200858B1B /* CustomIngredientsView.swift */,
				1F87D80329CC57A40051D283 /* SearchView.swift */,
				B813396A29CD961F0014F796 /* Extentsion + View.swift */,
			);
			path = Components;
			sourceTree = "<group>";
		};
		B8B37AFE2942264200611844 /* Views */ = {
			isa = PBXGroup;
			children = (
				B813397229D4A0A30014F796 /* Sign In */,
				B813397429D4A0C50014F796 /* Tab Bar */,
				B813397329D4A0B80014F796 /* Ingredients */,
				B813397129D4A08B0014F796 /* AlcoTest */,
				B813397029D4A0770014F796 /* Profile */,
				B83D9982294A194C006AF62D /* AllCocktailsView.swift */,
				B83D9984294A81B5006AF62D /* CocktailDetailView.swift */,
				B8F546A02946305500ADB0A1 /* HelperView.swift */,
			);
			path = Views;
			sourceTree = "<group>";
		};
		B8B37B0F29428B1F00611844 /* TextFields */ = {
			isa = PBXGroup;
			children = (
				1FD50C5829BE1B1600C4395A /* NumberTextFieldView.swift */,
				B8B37B152942955D00611844 /* Extansion + TextField.swift */,
				B8B37B13294294C800611844 /* DefaultTextFieldView.swift */,
				1F5F877E29461E2F00335B57 /* SecureFieldWithImageView.swift */,
				1F5F878029461EB500335B57 /* TextFieldWithImageView.swift */,
			);
			path = TextFields;
			sourceTree = "<group>";
		};
		B8B37B1029428B3E00611844 /* Buttons */ = {
			isa = PBXGroup;
			children = (
				B8B37B0729423DBB00611844 /* OrangeButtonView.swift */,
				B8B37B09294263FA00611844 /* BlueButtonView.swift */,
			);
			path = Buttons;
			sourceTree = "<group>";
		};
		B8B37B1129428B5C00611844 /* Wallpapers */ = {
			isa = PBXGroup;
			children = (
				B8B37B012942287100611844 /* WallpaperView.swift */,
			);
			path = Wallpapers;
			sourceTree = "<group>";
		};
		B8B37B1229428B7500611844 /* Images */ = {
			isa = PBXGroup;
			children = (
				B8B37AFA2942254600611844 /* LogoView.swift */,
				1F01062A294B4C840018134A /* UserImageView.swift */,
			);
			path = Images;
			sourceTree = "<group>";
		};
		B8EEF014293D085E00D15F28 = {
			isa = PBXGroup;
			children = (
				B8EEF01F293D085E00D15F28 /* HomeBarSwiftUI */,
				B8EEF01E293D085E00D15F28 /* Products */,
				B8F546A329463B5E00ADB0A1 /* Frameworks */,
			);
			sourceTree = "<group>";
		};
		B8EEF01E293D085E00D15F28 /* Products */ = {
			isa = PBXGroup;
			children = (
				B8EEF01D293D085E00D15F28 /* HomeBarSwiftUI.app */,
				B8EEF032293D085F00D15F28 /* HomeBarSwiftUITests.xctest */,
				B8EEF03C293D085F00D15F28 /* HomeBarSwiftUIUITests.xctest */,
			);
			name = Products;
			sourceTree = "<group>";
		};
		B8EEF01F293D085E00D15F28 /* HomeBarSwiftUI */ = {
			isa = PBXGroup;
			children = (
				B8F546A2294632FD00ADB0A1 /* App */,
				B83D994229473AF4006AF62D /* Models */,
				1F5F87882946205F00335B57 /* Services */,
				B83D993F294726D8006AF62D /* ViewModels */,
				B8B37AFE2942264200611844 /* Views */,
				B8B37AF92942252B00611844 /* Components */,
				B8EEF026293D085F00D15F28 /* Preview Content */,
				B8EEF024293D085F00D15F28 /* Assets.xcassets */,
				B8A2E5CF293E3B7100B7E4A4 /* GoogleService-Info.plist */,
			);
			path = HomeBarSwiftUI;
			sourceTree = "<group>";
		};
		B8EEF026293D085F00D15F28 /* Preview Content */ = {
			isa = PBXGroup;
			children = (
				B8EEF027293D085F00D15F28 /* Preview Assets.xcassets */,
			);
			path = "Preview Content";
			sourceTree = "<group>";
		};
		B8F546A2294632FD00ADB0A1 /* App */ = {
			isa = PBXGroup;
			children = (
				B8EEF020293D085E00D15F28 /* HomeBarSwiftUIApp.swift */,
			);
			path = App;
			sourceTree = "<group>";
		};
		B8F546A329463B5E00ADB0A1 /* Frameworks */ = {
			isa = PBXGroup;
			children = (
			);
			name = Frameworks;
			sourceTree = "<group>";
		};
/* End PBXGroup section */

/* Begin PBXNativeTarget section */
		B8EEF01C293D085E00D15F28 /* HomeBarSwiftUI */ = {
			isa = PBXNativeTarget;
			buildConfigurationList = B8EEF046293D085F00D15F28 /* Build configuration list for PBXNativeTarget "HomeBarSwiftUI" */;
			buildPhases = (
				B8EEF019293D085E00D15F28 /* Sources */,
				B8EEF01A293D085E00D15F28 /* Frameworks */,
				B8EEF01B293D085E00D15F28 /* Resources */,
			);
			buildRules = (
			);
			dependencies = (
			);
			name = HomeBarSwiftUI;
			packageProductDependencies = (
				B8A2E5D2293E408600B7E4A4 /* FirebaseAuth */,
				B8A2E5D4293E408600B7E4A4 /* FirebaseDatabase */,
				B8F546A429463B5E00ADB0A1 /* FirebaseFirestore */,
				B8F546A629463B7200ADB0A1 /* FirebaseStorage */,
				B83D99772948F6DE006AF62D /* Alamofire */,
				1F3A72DC29BBA04800112CF6 /* Shimmer */,
			);
			productName = HomeBarSwiftUI;
			productReference = B8EEF01D293D085E00D15F28 /* HomeBarSwiftUI.app */;
			productType = "com.apple.product-type.application";
		};
		B8EEF031293D085F00D15F28 /* HomeBarSwiftUITests */ = {
			isa = PBXNativeTarget;
			buildConfigurationList = B8EEF049293D085F00D15F28 /* Build configuration list for PBXNativeTarget "HomeBarSwiftUITests" */;
			buildPhases = (
				B8EEF02E293D085F00D15F28 /* Sources */,
				B8EEF02F293D085F00D15F28 /* Frameworks */,
				B8EEF030293D085F00D15F28 /* Resources */,
			);
			buildRules = (
			);
			dependencies = (
				B8EEF034293D085F00D15F28 /* PBXTargetDependency */,
			);
			name = HomeBarSwiftUITests;
			productName = HomeBarSwiftUITests;
			productReference = B8EEF032293D085F00D15F28 /* HomeBarSwiftUITests.xctest */;
			productType = "com.apple.product-type.bundle.unit-test";
		};
		B8EEF03B293D085F00D15F28 /* HomeBarSwiftUIUITests */ = {
			isa = PBXNativeTarget;
			buildConfigurationList = B8EEF04C293D085F00D15F28 /* Build configuration list for PBXNativeTarget "HomeBarSwiftUIUITests" */;
			buildPhases = (
				B8EEF038293D085F00D15F28 /* Sources */,
				B8EEF039293D085F00D15F28 /* Frameworks */,
				B8EEF03A293D085F00D15F28 /* Resources */,
			);
			buildRules = (
			);
			dependencies = (
				B8EEF03E293D085F00D15F28 /* PBXTargetDependency */,
			);
			name = HomeBarSwiftUIUITests;
			productName = HomeBarSwiftUIUITests;
			productReference = B8EEF03C293D085F00D15F28 /* HomeBarSwiftUIUITests.xctest */;
			productType = "com.apple.product-type.bundle.ui-testing";
		};
/* End PBXNativeTarget section */

/* Begin PBXProject section */
		B8EEF015293D085E00D15F28 /* Project object */ = {
			isa = PBXProject;
			attributes = {
				BuildIndependentTargetsInParallel = 1;
				LastSwiftUpdateCheck = 1410;
				LastUpgradeCheck = 1410;
				TargetAttributes = {
					B8EEF01C293D085E00D15F28 = {
						CreatedOnToolsVersion = 14.1;
					};
					B8EEF031293D085F00D15F28 = {
						CreatedOnToolsVersion = 14.1;
						TestTargetID = B8EEF01C293D085E00D15F28;
					};
					B8EEF03B293D085F00D15F28 = {
						CreatedOnToolsVersion = 14.1;
						TestTargetID = B8EEF01C293D085E00D15F28;
					};
				};
			};
			buildConfigurationList = B8EEF018293D085E00D15F28 /* Build configuration list for PBXProject "HomeBarSwiftUI" */;
			compatibilityVersion = "Xcode 14.0";
			developmentRegion = en;
			hasScannedForEncodings = 0;
			knownRegions = (
				en,
				Base,
			);
			mainGroup = B8EEF014293D085E00D15F28;
			packageReferences = (
				B8A2E5D1293E408600B7E4A4 /* XCRemoteSwiftPackageReference "firebase-ios-sdk" */,
				B83D99762948F6DE006AF62D /* XCRemoteSwiftPackageReference "Alamofire" */,
				1F3A72DB29BBA04800112CF6 /* XCRemoteSwiftPackageReference "SwiftUI-Shimmer" */,
			);
			productRefGroup = B8EEF01E293D085E00D15F28 /* Products */;
			projectDirPath = "";
			projectRoot = "";
			targets = (
				B8EEF01C293D085E00D15F28 /* HomeBarSwiftUI */,
				B8EEF031293D085F00D15F28 /* HomeBarSwiftUITests */,
				B8EEF03B293D085F00D15F28 /* HomeBarSwiftUIUITests */,
			);
		};
/* End PBXProject section */

/* Begin PBXResourcesBuildPhase section */
		B8EEF01B293D085E00D15F28 /* Resources */ = {
			isa = PBXResourcesBuildPhase;
			buildActionMask = 2147483647;
			files = (
				B8EEF028293D085F00D15F28 /* Preview Assets.xcassets in Resources */,
				B8EEF025293D085F00D15F28 /* Assets.xcassets in Resources */,
				B8A2E5D0293E3B7200B7E4A4 /* GoogleService-Info.plist in Resources */,
			);
			runOnlyForDeploymentPostprocessing = 0;
		};
		B8EEF030293D085F00D15F28 /* Resources */ = {
			isa = PBXResourcesBuildPhase;
			buildActionMask = 2147483647;
			files = (
			);
			runOnlyForDeploymentPostprocessing = 0;
		};
		B8EEF03A293D085F00D15F28 /* Resources */ = {
			isa = PBXResourcesBuildPhase;
			buildActionMask = 2147483647;
			files = (
			);
			runOnlyForDeploymentPostprocessing = 0;
		};
/* End PBXResourcesBuildPhase section */

/* Begin PBXSourcesBuildPhase section */
		B8EEF019293D085E00D15F28 /* Sources */ = {
			isa = PBXSourcesBuildPhase;
			buildActionMask = 2147483647;
			files = (
				B8B37B022942287100611844 /* WallpaperView.swift in Sources */,
				B83D997E294A05E7006AF62D /* CocktailViewModel.swift in Sources */,
				1F1B1387294DFA3500C1C3BB /* ProfileViewModel.swift in Sources */,
				1F1B138B294F3FA800C1C3BB /* StrorageService.swift in Sources */,
				B8B37B0829423DBB00611844 /* OrangeButtonView.swift in Sources */,
				B83D994629473CB6006AF62D /* DataBaseService.swift in Sources */,
				1FE5C4B8294BC82A004E7634 /* SettingUserView.swift in Sources */,
				B8B37B162942955D00611844 /* Extansion + TextField.swift in Sources */,
				1FEE9F5B29CC388200858B1B /* CustomIngredientsView.swift in Sources */,
				1F8A615829C59FAE00235CAF /* AlcoTestManager.swift in Sources */,
				1FFEC7A529BFA05C003B04EA /* DrinkViewModel.swift in Sources */,
				B83D997A2948F716006AF62D /* NetworkManager.swift in Sources */,
				1FEE9F5929CC385700858B1B /* AddCocktailView.swift in Sources */,
				B8255D5529CB746E00F38FB0 /* IngredientsViewModel.swift in Sources */,
				1FFEC79F29BF8585003B04EA /* AlcoTestViewModel.swift in Sources */,
				B8B37AFB2942254600611844 /* LogoView.swift in Sources */,
				B8255D4D29CB131C00F38FB0 /* IngredientDB.swift in Sources */,
				B8F546A12946305500ADB0A1 /* HelperView.swift in Sources */,
				B8B37B0A294263FA00611844 /* BlueButtonView.swift in Sources */,
				1F01062B294B4C840018134A /* UserImageView.swift in Sources */,
				1FD50C5529BDE71F00C4395A /* CustomSegmentPickerView.swift in Sources */,
				1F5F877F29461E2F00335B57 /* SecureFieldWithImageView.swift in Sources */,
				B8F5469F29462FC200ADB0A1 /* AlcoholTestView.swift in Sources */,
				B83D9948294749C6006AF62D /* CocktailDB.swift in Sources */,
				B83D99752948F60F006AF62D /* DrinksFromAPI.swift in Sources */,
				B813396D29CF76E70014F796 /* CocktailsWithSelectedIngredientsView.swift in Sources */,
				B8F5469D29462FAF00ADB0A1 /* ProfileView.swift in Sources */,
				1FD50C5929BE1B1600C4395A /* NumberTextFieldView.swift in Sources */,
				B83D99732948F3A5006AF62D /* IngredientCellView.swift in Sources */,
				1F5F878129461EB500335B57 /* TextFieldWithImageView.swift in Sources */,
				B8588DEF29462ADA0082132D /* MainTabView.swift in Sources */,
				1F2375FA29C39FE0008CD4F8 /* AlcoTest.swift in Sources */,
				1FFEC7A329BFA024003B04EA /* DrinkDB.swift in Sources */,
				B83D9985294A81B5006AF62D /* CocktailDetailView.swift in Sources */,
				B8B37B0429422A7E00611844 /* SignInView.swift in Sources */,
				1FD7208B29B1DE3500019E31 /* DataStorage.swift in Sources */,
				1FD50C5B29BE1D8D00C4395A /* SliderAlcoholTestView.swift in Sources */,
				B8B37B14294294C800611844 /* DefaultTextFieldView.swift in Sources */,
				B83D994429473B01006AF62D /* UserDB.swift in Sources */,
				1F87D80429CC57A40051D283 /* SearchView.swift in Sources */,
				1FFEC7A129BF9FCF003B04EA /* DrinksView.swift in Sources */,
				B8628E7F29C71E8900A8C21C /* StarsRatingView.swift in Sources */,
				B8EEF021293D085E00D15F28 /* HomeBarSwiftUIApp.swift in Sources */,
				B83D9983294A194C006AF62D /* AllCocktailsView.swift in Sources */,
				1F5F878629461FE700335B57 /* AuthService.swift in Sources */,
				1FE8674929C072F1004500DC /* ResultAlcoTestView.swift in Sources */,
				1F1B1389294E0CD000C1C3BB /* ImagePicker.swift in Sources */,
				B83D9980294A0E6F006AF62D /* CocktailCellView.swift in Sources */,
				B813396B29CD961F0014F796 /* Extentsion + View.swift in Sources */,
				B83D994129472734006AF62D /* MainTabBarViewModel.swift in Sources */,
				B813396F29D4A0570014F796 /* FavoritesCocktailsView.swift in Sources */,
				B8255D5729CB749B00F38FB0 /* AllIngredientsView.swift in Sources */,
			);
			runOnlyForDeploymentPostprocessing = 0;
		};
		B8EEF02E293D085F00D15F28 /* Sources */ = {
			isa = PBXSourcesBuildPhase;
			buildActionMask = 2147483647;
			files = (
			);
			runOnlyForDeploymentPostprocessing = 0;
		};
		B8EEF038293D085F00D15F28 /* Sources */ = {
			isa = PBXSourcesBuildPhase;
			buildActionMask = 2147483647;
			files = (
			);
			runOnlyForDeploymentPostprocessing = 0;
		};
/* End PBXSourcesBuildPhase section */

/* Begin PBXTargetDependency section */
		B8EEF034293D085F00D15F28 /* PBXTargetDependency */ = {
			isa = PBXTargetDependency;
			target = B8EEF01C293D085E00D15F28 /* HomeBarSwiftUI */;
			targetProxy = B8EEF033293D085F00D15F28 /* PBXContainerItemProxy */;
		};
		B8EEF03E293D085F00D15F28 /* PBXTargetDependency */ = {
			isa = PBXTargetDependency;
			target = B8EEF01C293D085E00D15F28 /* HomeBarSwiftUI */;
			targetProxy = B8EEF03D293D085F00D15F28 /* PBXContainerItemProxy */;
		};
/* End PBXTargetDependency section */

/* Begin XCBuildConfiguration section */
		B8EEF044293D085F00D15F28 /* Debug */ = {
			isa = XCBuildConfiguration;
			buildSettings = {
				ALWAYS_SEARCH_USER_PATHS = NO;
				CLANG_ANALYZER_NONNULL = YES;
				CLANG_ANALYZER_NUMBER_OBJECT_CONVERSION = YES_AGGRESSIVE;
				CLANG_CXX_LANGUAGE_STANDARD = "gnu++20";
				CLANG_ENABLE_MODULES = YES;
				CLANG_ENABLE_OBJC_ARC = YES;
				CLANG_ENABLE_OBJC_WEAK = YES;
				CLANG_WARN_BLOCK_CAPTURE_AUTORELEASING = YES;
				CLANG_WARN_BOOL_CONVERSION = YES;
				CLANG_WARN_COMMA = YES;
				CLANG_WARN_CONSTANT_CONVERSION = YES;
				CLANG_WARN_DEPRECATED_OBJC_IMPLEMENTATIONS = YES;
				CLANG_WARN_DIRECT_OBJC_ISA_USAGE = YES_ERROR;
				CLANG_WARN_DOCUMENTATION_COMMENTS = YES;
				CLANG_WARN_EMPTY_BODY = YES;
				CLANG_WARN_ENUM_CONVERSION = YES;
				CLANG_WARN_INFINITE_RECURSION = YES;
				CLANG_WARN_INT_CONVERSION = YES;
				CLANG_WARN_NON_LITERAL_NULL_CONVERSION = YES;
				CLANG_WARN_OBJC_IMPLICIT_RETAIN_SELF = YES;
				CLANG_WARN_OBJC_LITERAL_CONVERSION = YES;
				CLANG_WARN_OBJC_ROOT_CLASS = YES_ERROR;
				CLANG_WARN_QUOTED_INCLUDE_IN_FRAMEWORK_HEADER = YES;
				CLANG_WARN_RANGE_LOOP_ANALYSIS = YES;
				CLANG_WARN_STRICT_PROTOTYPES = YES;
				CLANG_WARN_SUSPICIOUS_MOVE = YES;
				CLANG_WARN_UNGUARDED_AVAILABILITY = YES_AGGRESSIVE;
				CLANG_WARN_UNREACHABLE_CODE = YES;
				CLANG_WARN__DUPLICATE_METHOD_MATCH = YES;
				COPY_PHASE_STRIP = NO;
				DEBUG_INFORMATION_FORMAT = dwarf;
				ENABLE_STRICT_OBJC_MSGSEND = YES;
				ENABLE_TESTABILITY = YES;
				GCC_C_LANGUAGE_STANDARD = gnu11;
				GCC_DYNAMIC_NO_PIC = NO;
				GCC_NO_COMMON_BLOCKS = YES;
				GCC_OPTIMIZATION_LEVEL = 0;
				GCC_PREPROCESSOR_DEFINITIONS = (
					"DEBUG=1",
					"$(inherited)",
				);
				GCC_WARN_64_TO_32_BIT_CONVERSION = YES;
				GCC_WARN_ABOUT_RETURN_TYPE = YES_ERROR;
				GCC_WARN_UNDECLARED_SELECTOR = YES;
				GCC_WARN_UNINITIALIZED_AUTOS = YES_AGGRESSIVE;
				GCC_WARN_UNUSED_FUNCTION = YES;
				GCC_WARN_UNUSED_VARIABLE = YES;
				"INFOPLIST_KEY_UIStatusBarStyle[sdk=*]" = UIStatusBarStyleDarkContent;
				IPHONEOS_DEPLOYMENT_TARGET = 16.1;
				MTL_ENABLE_DEBUG_INFO = INCLUDE_SOURCE;
				MTL_FAST_MATH = YES;
				ONLY_ACTIVE_ARCH = YES;
				SDKROOT = iphoneos;
				SWIFT_ACTIVE_COMPILATION_CONDITIONS = DEBUG;
				SWIFT_OPTIMIZATION_LEVEL = "-Onone";
			};
			name = Debug;
		};
		B8EEF045293D085F00D15F28 /* Release */ = {
			isa = XCBuildConfiguration;
			buildSettings = {
				ALWAYS_SEARCH_USER_PATHS = NO;
				CLANG_ANALYZER_NONNULL = YES;
				CLANG_ANALYZER_NUMBER_OBJECT_CONVERSION = YES_AGGRESSIVE;
				CLANG_CXX_LANGUAGE_STANDARD = "gnu++20";
				CLANG_ENABLE_MODULES = YES;
				CLANG_ENABLE_OBJC_ARC = YES;
				CLANG_ENABLE_OBJC_WEAK = YES;
				CLANG_WARN_BLOCK_CAPTURE_AUTORELEASING = YES;
				CLANG_WARN_BOOL_CONVERSION = YES;
				CLANG_WARN_COMMA = YES;
				CLANG_WARN_CONSTANT_CONVERSION = YES;
				CLANG_WARN_DEPRECATED_OBJC_IMPLEMENTATIONS = YES;
				CLANG_WARN_DIRECT_OBJC_ISA_USAGE = YES_ERROR;
				CLANG_WARN_DOCUMENTATION_COMMENTS = YES;
				CLANG_WARN_EMPTY_BODY = YES;
				CLANG_WARN_ENUM_CONVERSION = YES;
				CLANG_WARN_INFINITE_RECURSION = YES;
				CLANG_WARN_INT_CONVERSION = YES;
				CLANG_WARN_NON_LITERAL_NULL_CONVERSION = YES;
				CLANG_WARN_OBJC_IMPLICIT_RETAIN_SELF = YES;
				CLANG_WARN_OBJC_LITERAL_CONVERSION = YES;
				CLANG_WARN_OBJC_ROOT_CLASS = YES_ERROR;
				CLANG_WARN_QUOTED_INCLUDE_IN_FRAMEWORK_HEADER = YES;
				CLANG_WARN_RANGE_LOOP_ANALYSIS = YES;
				CLANG_WARN_STRICT_PROTOTYPES = YES;
				CLANG_WARN_SUSPICIOUS_MOVE = YES;
				CLANG_WARN_UNGUARDED_AVAILABILITY = YES_AGGRESSIVE;
				CLANG_WARN_UNREACHABLE_CODE = YES;
				CLANG_WARN__DUPLICATE_METHOD_MATCH = YES;
				COPY_PHASE_STRIP = NO;
				DEBUG_INFORMATION_FORMAT = "dwarf-with-dsym";
				ENABLE_NS_ASSERTIONS = NO;
				ENABLE_STRICT_OBJC_MSGSEND = YES;
				GCC_C_LANGUAGE_STANDARD = gnu11;
				GCC_NO_COMMON_BLOCKS = YES;
				GCC_WARN_64_TO_32_BIT_CONVERSION = YES;
				GCC_WARN_ABOUT_RETURN_TYPE = YES_ERROR;
				GCC_WARN_UNDECLARED_SELECTOR = YES;
				GCC_WARN_UNINITIALIZED_AUTOS = YES_AGGRESSIVE;
				GCC_WARN_UNUSED_FUNCTION = YES;
				GCC_WARN_UNUSED_VARIABLE = YES;
				"INFOPLIST_KEY_UIStatusBarStyle[sdk=*]" = UIStatusBarStyleDarkContent;
				IPHONEOS_DEPLOYMENT_TARGET = 16.1;
				MTL_ENABLE_DEBUG_INFO = NO;
				MTL_FAST_MATH = YES;
				SDKROOT = iphoneos;
				SWIFT_COMPILATION_MODE = wholemodule;
				SWIFT_OPTIMIZATION_LEVEL = "-O";
				VALIDATE_PRODUCT = YES;
			};
			name = Release;
		};
		B8EEF047293D085F00D15F28 /* Debug */ = {
			isa = XCBuildConfiguration;
			buildSettings = {
				ASSETCATALOG_COMPILER_APPICON_NAME = AppIcon;
				ASSETCATALOG_COMPILER_GLOBAL_ACCENT_COLOR_NAME = AccentColor;
				CODE_SIGN_STYLE = Automatic;
				CURRENT_PROJECT_VERSION = 1;
				DEVELOPMENT_ASSET_PATHS = "\"HomeBarSwiftUI/Preview Content\"";
				DEVELOPMENT_TEAM = Q5C6FH53V7;
				ENABLE_PREVIEWS = YES;
				GENERATE_INFOPLIST_FILE = YES;
				INFOPLIST_KEY_LSApplicationCategoryType = "public.app-category.food-and-drink";
				INFOPLIST_KEY_NSCameraUsageDescription = "Permission to use the camera";
				INFOPLIST_KEY_NSPhotoLibraryUsageDescription = "Allow to open the gallery to select a photo";
				INFOPLIST_KEY_UIApplicationSceneManifest_Generation = YES;
				INFOPLIST_KEY_UIApplicationSupportsIndirectInputEvents = YES;
				INFOPLIST_KEY_UILaunchScreen_Generation = YES;
				INFOPLIST_KEY_UIStatusBarStyle = UIStatusBarStyleDefault;
				INFOPLIST_KEY_UISupportedInterfaceOrientations = UIInterfaceOrientationPortrait;
				INFOPLIST_KEY_UISupportedInterfaceOrientations_iPad = "UIInterfaceOrientationLandscapeLeft UIInterfaceOrientationLandscapeRight UIInterfaceOrientationPortrait UIInterfaceOrientationPortraitUpsideDown";
				IPHONEOS_DEPLOYMENT_TARGET = 16.0;
				LD_RUNPATH_SEARCH_PATHS = (
					"$(inherited)",
					"@executable_path/Frameworks",
				);
				MARKETING_VERSION = 1.0;
				PRODUCT_BUNDLE_IDENTIFIER = "nu-shtosh.HomeBarSwiftUI";
				PRODUCT_NAME = "$(TARGET_NAME)";
				SUPPORTED_PLATFORMS = "iphoneos iphonesimulator";
				SUPPORTS_MACCATALYST = NO;
				SUPPORTS_MAC_DESIGNED_FOR_IPHONE_IPAD = NO;
				SWIFT_EMIT_LOC_STRINGS = YES;
				SWIFT_VERSION = 5.0;
				TARGETED_DEVICE_FAMILY = 1;
			};
			name = Debug;
		};
		B8EEF048293D085F00D15F28 /* Release */ = {
			isa = XCBuildConfiguration;
			buildSettings = {
				ASSETCATALOG_COMPILER_APPICON_NAME = AppIcon;
				ASSETCATALOG_COMPILER_GLOBAL_ACCENT_COLOR_NAME = AccentColor;
				CODE_SIGN_STYLE = Automatic;
				CURRENT_PROJECT_VERSION = 1;
				DEVELOPMENT_ASSET_PATHS = "\"HomeBarSwiftUI/Preview Content\"";
				DEVELOPMENT_TEAM = Q5C6FH53V7;
				ENABLE_PREVIEWS = YES;
				GENERATE_INFOPLIST_FILE = YES;
				INFOPLIST_KEY_LSApplicationCategoryType = "public.app-category.food-and-drink";
				INFOPLIST_KEY_NSCameraUsageDescription = "Permission to use the camera";
				INFOPLIST_KEY_NSPhotoLibraryUsageDescription = "Allow to open the gallery to select a photo";
				INFOPLIST_KEY_UIApplicationSceneManifest_Generation = YES;
				INFOPLIST_KEY_UIApplicationSupportsIndirectInputEvents = YES;
				INFOPLIST_KEY_UILaunchScreen_Generation = YES;
				INFOPLIST_KEY_UIStatusBarStyle = UIStatusBarStyleDefault;
				INFOPLIST_KEY_UISupportedInterfaceOrientations = UIInterfaceOrientationPortrait;
				INFOPLIST_KEY_UISupportedInterfaceOrientations_iPad = "UIInterfaceOrientationLandscapeLeft UIInterfaceOrientationLandscapeRight UIInterfaceOrientationPortrait UIInterfaceOrientationPortraitUpsideDown";
				IPHONEOS_DEPLOYMENT_TARGET = 16.0;
				LD_RUNPATH_SEARCH_PATHS = (
					"$(inherited)",
					"@executable_path/Frameworks",
				);
				MARKETING_VERSION = 1.0;
				PRODUCT_BUNDLE_IDENTIFIER = "nu-shtosh.HomeBarSwiftUI";
				PRODUCT_NAME = "$(TARGET_NAME)";
				SUPPORTED_PLATFORMS = "iphoneos iphonesimulator";
				SUPPORTS_MACCATALYST = NO;
				SUPPORTS_MAC_DESIGNED_FOR_IPHONE_IPAD = NO;
				SWIFT_EMIT_LOC_STRINGS = YES;
				SWIFT_VERSION = 5.0;
				TARGETED_DEVICE_FAMILY = 1;
			};
			name = Release;
		};
		B8EEF04A293D085F00D15F28 /* Debug */ = {
			isa = XCBuildConfiguration;
			buildSettings = {
				ALWAYS_EMBED_SWIFT_STANDARD_LIBRARIES = YES;
				BUNDLE_LOADER = "$(TEST_HOST)";
				CODE_SIGN_STYLE = Automatic;
				CURRENT_PROJECT_VERSION = 1;
				DEVELOPMENT_TEAM = S3FDYF8UUF;
				GENERATE_INFOPLIST_FILE = YES;
				IPHONEOS_DEPLOYMENT_TARGET = 16.1;
				MARKETING_VERSION = 1.0;
				PRODUCT_BUNDLE_IDENTIFIER = "nu-shtosh.HomeBarSwiftUITests";
				PRODUCT_NAME = "$(TARGET_NAME)";
				SWIFT_EMIT_LOC_STRINGS = NO;
				SWIFT_VERSION = 5.0;
				TARGETED_DEVICE_FAMILY = "1,2";
				TEST_HOST = "$(BUILT_PRODUCTS_DIR)/HomeBarSwiftUI.app/$(BUNDLE_EXECUTABLE_FOLDER_PATH)/HomeBarSwiftUI";
			};
			name = Debug;
		};
		B8EEF04B293D085F00D15F28 /* Release */ = {
			isa = XCBuildConfiguration;
			buildSettings = {
				ALWAYS_EMBED_SWIFT_STANDARD_LIBRARIES = YES;
				BUNDLE_LOADER = "$(TEST_HOST)";
				CODE_SIGN_STYLE = Automatic;
				CURRENT_PROJECT_VERSION = 1;
				DEVELOPMENT_TEAM = S3FDYF8UUF;
				GENERATE_INFOPLIST_FILE = YES;
				IPHONEOS_DEPLOYMENT_TARGET = 16.1;
				MARKETING_VERSION = 1.0;
				PRODUCT_BUNDLE_IDENTIFIER = "nu-shtosh.HomeBarSwiftUITests";
				PRODUCT_NAME = "$(TARGET_NAME)";
				SWIFT_EMIT_LOC_STRINGS = NO;
				SWIFT_VERSION = 5.0;
				TARGETED_DEVICE_FAMILY = "1,2";
				TEST_HOST = "$(BUILT_PRODUCTS_DIR)/HomeBarSwiftUI.app/$(BUNDLE_EXECUTABLE_FOLDER_PATH)/HomeBarSwiftUI";
			};
			name = Release;
		};
		B8EEF04D293D085F00D15F28 /* Debug */ = {
			isa = XCBuildConfiguration;
			buildSettings = {
				ALWAYS_EMBED_SWIFT_STANDARD_LIBRARIES = YES;
				CODE_SIGN_STYLE = Automatic;
				CURRENT_PROJECT_VERSION = 1;
				DEVELOPMENT_TEAM = S3FDYF8UUF;
				GENERATE_INFOPLIST_FILE = YES;
				MARKETING_VERSION = 1.0;
				PRODUCT_BUNDLE_IDENTIFIER = "nu-shtosh.HomeBarSwiftUIUITests";
				PRODUCT_NAME = "$(TARGET_NAME)";
				SWIFT_EMIT_LOC_STRINGS = NO;
				SWIFT_VERSION = 5.0;
				TARGETED_DEVICE_FAMILY = "1,2";
				TEST_TARGET_NAME = HomeBarSwiftUI;
			};
			name = Debug;
		};
		B8EEF04E293D085F00D15F28 /* Release */ = {
			isa = XCBuildConfiguration;
			buildSettings = {
				ALWAYS_EMBED_SWIFT_STANDARD_LIBRARIES = YES;
				CODE_SIGN_STYLE = Automatic;
				CURRENT_PROJECT_VERSION = 1;
				DEVELOPMENT_TEAM = S3FDYF8UUF;
				GENERATE_INFOPLIST_FILE = YES;
				MARKETING_VERSION = 1.0;
				PRODUCT_BUNDLE_IDENTIFIER = "nu-shtosh.HomeBarSwiftUIUITests";
				PRODUCT_NAME = "$(TARGET_NAME)";
				SWIFT_EMIT_LOC_STRINGS = NO;
				SWIFT_VERSION = 5.0;
				TARGETED_DEVICE_FAMILY = "1,2";
				TEST_TARGET_NAME = HomeBarSwiftUI;
			};
			name = Release;
		};
/* End XCBuildConfiguration section */

/* Begin XCConfigurationList section */
		B8EEF018293D085E00D15F28 /* Build configuration list for PBXProject "HomeBarSwiftUI" */ = {
			isa = XCConfigurationList;
			buildConfigurations = (
				B8EEF044293D085F00D15F28 /* Debug */,
				B8EEF045293D085F00D15F28 /* Release */,
			);
			defaultConfigurationIsVisible = 0;
			defaultConfigurationName = Release;
		};
		B8EEF046293D085F00D15F28 /* Build configuration list for PBXNativeTarget "HomeBarSwiftUI" */ = {
			isa = XCConfigurationList;
			buildConfigurations = (
				B8EEF047293D085F00D15F28 /* Debug */,
				B8EEF048293D085F00D15F28 /* Release */,
			);
			defaultConfigurationIsVisible = 0;
			defaultConfigurationName = Release;
		};
		B8EEF049293D085F00D15F28 /* Build configuration list for PBXNativeTarget "HomeBarSwiftUITests" */ = {
			isa = XCConfigurationList;
			buildConfigurations = (
				B8EEF04A293D085F00D15F28 /* Debug */,
				B8EEF04B293D085F00D15F28 /* Release */,
			);
			defaultConfigurationIsVisible = 0;
			defaultConfigurationName = Release;
		};
		B8EEF04C293D085F00D15F28 /* Build configuration list for PBXNativeTarget "HomeBarSwiftUIUITests" */ = {
			isa = XCConfigurationList;
			buildConfigurations = (
				B8EEF04D293D085F00D15F28 /* Debug */,
				B8EEF04E293D085F00D15F28 /* Release */,
			);
			defaultConfigurationIsVisible = 0;
			defaultConfigurationName = Release;
		};
/* End XCConfigurationList section */

/* Begin XCRemoteSwiftPackageReference section */
		1F3A72DB29BBA04800112CF6 /* XCRemoteSwiftPackageReference "SwiftUI-Shimmer" */ = {
			isa = XCRemoteSwiftPackageReference;
			repositoryURL = "https://github.com/markiv/SwiftUI-Shimmer";
			requirement = {
				kind = upToNextMinorVersion;
				minimumVersion = 1.3.0;
			};
		};
		B83D99762948F6DE006AF62D /* XCRemoteSwiftPackageReference "Alamofire" */ = {
			isa = XCRemoteSwiftPackageReference;
			repositoryURL = "https://github.com/Alamofire/Alamofire.git";
			requirement = {
				kind = upToNextMinorVersion;
				minimumVersion = 5.6.0;
			};
		};
		B8A2E5D1293E408600B7E4A4 /* XCRemoteSwiftPackageReference "firebase-ios-sdk" */ = {
			isa = XCRemoteSwiftPackageReference;
			repositoryURL = "https://github.com/firebase/firebase-ios-sdk";
			requirement = {
				kind = upToNextMinorVersion;
				minimumVersion = 9.6.0;
			};
		};
/* End XCRemoteSwiftPackageReference section */

/* Begin XCSwiftPackageProductDependency section */
		1F3A72DC29BBA04800112CF6 /* Shimmer */ = {
			isa = XCSwiftPackageProductDependency;
			package = 1F3A72DB29BBA04800112CF6 /* XCRemoteSwiftPackageReference "SwiftUI-Shimmer" */;
			productName = Shimmer;
		};
		B83D99772948F6DE006AF62D /* Alamofire */ = {
			isa = XCSwiftPackageProductDependency;
			package = B83D99762948F6DE006AF62D /* XCRemoteSwiftPackageReference "Alamofire" */;
			productName = Alamofire;
		};
		B8A2E5D2293E408600B7E4A4 /* FirebaseAuth */ = {
			isa = XCSwiftPackageProductDependency;
			package = B8A2E5D1293E408600B7E4A4 /* XCRemoteSwiftPackageReference "firebase-ios-sdk" */;
			productName = FirebaseAuth;
		};
		B8A2E5D4293E408600B7E4A4 /* FirebaseDatabase */ = {
			isa = XCSwiftPackageProductDependency;
			package = B8A2E5D1293E408600B7E4A4 /* XCRemoteSwiftPackageReference "firebase-ios-sdk" */;
			productName = FirebaseDatabase;
		};
		B8F546A429463B5E00ADB0A1 /* FirebaseFirestore */ = {
			isa = XCSwiftPackageProductDependency;
			package = B8A2E5D1293E408600B7E4A4 /* XCRemoteSwiftPackageReference "firebase-ios-sdk" */;
			productName = FirebaseFirestore;
		};
		B8F546A629463B7200ADB0A1 /* FirebaseStorage */ = {
			isa = XCSwiftPackageProductDependency;
			package = B8A2E5D1293E408600B7E4A4 /* XCRemoteSwiftPackageReference "firebase-ios-sdk" */;
			productName = FirebaseStorage;
		};
/* End XCSwiftPackageProductDependency section */
	};
	rootObject = B8EEF015293D085E00D15F28 /* Project object */;
}
